
Microsoft Visual Studio Solution File, Format Version 12.00
Project("{FAE04EC0-301F-11D3-BF4B-00C04F79EFBC}") = "DevInHouse.Audaces.Exceptions.Examples", "DevInHouse.Audaces.Exceptions.Examples\DevInHouse.Audaces.Exceptions.Examples.csproj", "{69F33AD8-86E5-4A46-A924-A577DB6AD6B2}"
EndProject
Project("{2150E333-8FDC-42A3-9474-1A3956D46DE8}") = "Exceptions", "Exceptions", "{FF87479D-C22B-4997-90AB-38F76C477AD3}"
EndProject
Project("{2150E333-8FDC-42A3-9474-1A3956D46DE8}") = "TDD", "TDD", "{B7A70FF7-CAA8-4E9F-9078-86B49519B633}"
EndProject
Project("{FAE04EC0-301F-11D3-BF4B-00C04F79EFBC}") = "DevInHouse.Audaces.TDD.Example", "DevInHouse.Audaces.TDD.Example\DevInHouse.Audaces.TDD.Example.csproj", "{F4CCFB03-C738-479B-B9F1-72AFF2A39F33}"
EndProject
Project("{FAE04EC0-301F-11D3-BF4B-00C04F79EFBC}") = "DevInHouse.Audaces.TDD.Example.Tests", "DevInHouse.Audaces.TDD.Example.Tests\DevInHouse.Audaces.TDD.Example.Tests.csproj", "{9E7EB1AD-89B8-41FE-BFE6-CB17FA5E48C7}"
EndProject
Project("{2150E333-8FDC-42A3-9474-1A3956D46DE8}") = "ExerciciosCorrigidos", "ExerciciosCorrigidos", "{B9CCFF5B-3D40-46C2-B673-537DE5E4610A}"
EndProject
Project("{2150E333-8FDC-42A3-9474-1A3956D46DE8}") = "1", "1", "{AC73D5CE-E48E-455B-9230-0525BEA3D232}"
EndProject
Project("{FAE04EC0-301F-11D3-BF4B-00C04F79EFBC}") = "DevInHouse.Audaces.Exercises.One", "DevInHouse.Audaces.Exercises.One\DevInHouse.Audaces.Exercises.One.csproj", "{3B6CC2A2-26E5-4B1A-A4A1-7598E4054783}"
EndProject
Project("{2150E333-8FDC-42A3-9474-1A3956D46DE8}") = "6", "6", "{2F460860-53A6-4B6B-8BA0-95C2B33AE5DE}"
EndProject
Project("{FAE04EC0-301F-11D3-BF4B-00C04F79EFBC}") = "DevInHouse.Audaces.Exercises.Six", "DevInHouse.Audaces.Exercises.Six\DevInHouse.Audaces.Exercises.Six.csproj", "{D5604308-6269-4DBE-8131-191B2BED0FFD}"
EndProject
Project("{FAE04EC0-301F-11D3-BF4B-00C04F79EFBC}") = "DevInHouse.Audaces.Exercises.Six.Tests", "DevInHouse.Audaces.Exercises.Six.Tests\DevInHouse.Audaces.Exercises.Six.Tests.csproj", "{79D25BD3-575F-49AD-AD1B-445E14E538B8}"
EndProject
Global
	GlobalSection(SolutionConfigurationPlatforms) = preSolution
		Debug|Any CPU = Debug|Any CPU
		Release|Any CPU = Release|Any CPU
	EndGlobalSection
	GlobalSection(ProjectConfigurationPlatforms) = postSolution
		{69F33AD8-86E5-4A46-A924-A577DB6AD6B2}.Debug|Any CPU.ActiveCfg = Debug|Any CPU
		{69F33AD8-86E5-4A46-A924-A577DB6AD6B2}.Debug|Any CPU.Build.0 = Debug|Any CPU
		{69F33AD8-86E5-4A46-A924-A577DB6AD6B2}.Release|Any CPU.ActiveCfg = Release|Any CPU
		{69F33AD8-86E5-4A46-A924-A577DB6AD6B2}.Release|Any CPU.Build.0 = Release|Any CPU
		{F4CCFB03-C738-479B-B9F1-72AFF2A39F33}.Debug|Any CPU.ActiveCfg = Debug|Any CPU
		{F4CCFB03-C738-479B-B9F1-72AFF2A39F33}.Debug|Any CPU.Build.0 = Debug|Any CPU
		{F4CCFB03-C738-479B-B9F1-72AFF2A39F33}.Release|Any CPU.ActiveCfg = Release|Any CPU
		{F4CCFB03-C738-479B-B9F1-72AFF2A39F33}.Release|Any CPU.Build.0 = Release|Any CPU
		{9E7EB1AD-89B8-41FE-BFE6-CB17FA5E48C7}.Debug|Any CPU.ActiveCfg = Debug|Any CPU
		{9E7EB1AD-89B8-41FE-BFE6-CB17FA5E48C7}.Debug|Any CPU.Build.0 = Debug|Any CPU
		{9E7EB1AD-89B8-41FE-BFE6-CB17FA5E48C7}.Release|Any CPU.ActiveCfg = Release|Any CPU
		{9E7EB1AD-89B8-41FE-BFE6-CB17FA5E48C7}.Release|Any CPU.Build.0 = Release|Any CPU
		{3B6CC2A2-26E5-4B1A-A4A1-7598E4054783}.Debug|Any CPU.ActiveCfg = Debug|Any CPU
		{3B6CC2A2-26E5-4B1A-A4A1-7598E4054783}.Debug|Any CPU.Build.0 = Debug|Any CPU
		{3B6CC2A2-26E5-4B1A-A4A1-7598E4054783}.Release|Any CPU.ActiveCfg = Release|Any CPU
		{3B6CC2A2-26E5-4B1A-A4A1-7598E4054783}.Release|Any CPU.Build.0 = Release|Any CPU
		{D5604308-6269-4DBE-8131-191B2BED0FFD}.Debug|Any CPU.ActiveCfg = Debug|Any CPU
		{D5604308-6269-4DBE-8131-191B2BED0FFD}.Debug|Any CPU.Build.0 = Debug|Any CPU
		{D5604308-6269-4DBE-8131-191B2BED0FFD}.Release|Any CPU.ActiveCfg = Release|Any CPU
		{D5604308-6269-4DBE-8131-191B2BED0FFD}.Release|Any CPU.Build.0 = Release|Any CPU
		{79D25BD3-575F-49AD-AD1B-445E14E538B8}.Debug|Any CPU.ActiveCfg = Debug|Any CPU
		{79D25BD3-575F-49AD-AD1B-445E14E538B8}.Debug|Any CPU.Build.0 = Debug|Any CPU
		{79D25BD3-575F-49AD-AD1B-445E14E538B8}.Release|Any CPU.ActiveCfg = Release|Any CPU
		{79D25BD3-575F-49AD-AD1B-445E14E538B8}.Release|Any CPU.Build.0 = Release|Any CPU
	EndGlobalSection
	GlobalSection(NestedProjects) = preSolution
		{69F33AD8-86E5-4A46-A924-A577DB6AD6B2} = {FF87479D-C22B-4997-90AB-38F76C477AD3}
		{F4CCFB03-C738-479B-B9F1-72AFF2A39F33} = {B7A70FF7-CAA8-4E9F-9078-86B49519B633}
		{9E7EB1AD-89B8-41FE-BFE6-CB17FA5E48C7} = {B7A70FF7-CAA8-4E9F-9078-86B49519B633}
		{AC73D5CE-E48E-455B-9230-0525BEA3D232} = {B9CCFF5B-3D40-46C2-B673-537DE5E4610A}
		{3B6CC2A2-26E5-4B1A-A4A1-7598E4054783} = {AC73D5CE-E48E-455B-9230-0525BEA3D232}
		{2F460860-53A6-4B6B-8BA0-95C2B33AE5DE} = {B9CCFF5B-3D40-46C2-B673-537DE5E4610A}
		{D5604308-6269-4DBE-8131-191B2BED0FFD} = {2F460860-53A6-4B6B-8BA0-95C2B33AE5DE}
		{79D25BD3-575F-49AD-AD1B-445E14E538B8} = {2F460860-53A6-4B6B-8BA0-95C2B33AE5DE}
	EndGlobalSection
EndGlobal
